
Microsoft Visual Studio Solution File, Format Version 12.00
# Visual Studio 15
VisualStudioVersion = 15.0.28010.2050
MinimumVisualStudioVersion = 10.0.40219.1
Project("{FAE04EC0-301F-11D3-BF4B-00C04F79EFBC}") = "Grades", "Grades\Grades.csproj", "{FD8E0015-5AC4-41C5-BC55-0AF234AF1316}"
EndProject
Project("{FAE04EC0-301F-11D3-BF4B-00C04F79EFBC}") = "Grades.Tests", "Grades.Tests\Grades.Tests.csproj", "{6903FA80-CA0B-4408-A2B6-2011F98B33DC}"
EndProject
Global
	GlobalSection(SolutionConfigurationPlatforms) = preSolution
		Debug|Any CPU = Debug|Any CPU
		Release|Any CPU = Release|Any CPU
	EndGlobalSection
	GlobalSection(ProjectConfigurationPlatforms) = postSolution
		{FD8E0015-5AC4-41C5-BC55-0AF234AF1316}.Debug|Any CPU.ActiveCfg = Debug|Any CPU
		{FD8E0015-5AC4-41C5-BC55-0AF234AF1316}.Debug|Any CPU.Build.0 = Debug|Any CPU
		{FD8E0015-5AC4-41C5-BC55-0AF234AF1316}.Release|Any CPU.ActiveCfg = Release|Any CPU
		{FD8E0015-5AC4-41C5-BC55-0AF234AF1316}.Release|Any CPU.Build.0 = Release|Any CPU
		{6903FA80-CA0B-4408-A2B6-2011F98B33DC}.Debug|Any CPU.ActiveCfg = Debug|Any CPU
		{6903FA80-CA0B-4408-A2B6-2011F98B33DC}.Debug|Any CPU.Build.0 = Debug|Any CPU
		{6903FA80-CA0B-4408-A2B6-2011F98B33DC}.Release|Any CPU.ActiveCfg = Release|Any CPU
		{6903FA80-CA0B-4408-A2B6-2011F98B33DC}.Release|Any CPU.Build.0 = Release|Any CPU
	EndGlobalSection
	GlobalSection(SolutionProperties) = preSolution
		HideSolutionNode = FALSE
	EndGlobalSection
	GlobalSection(ExtensibilityGlobals) = postSolution
		SolutionGuid = {176EB616-D9D7-4972-8179-FBC4EDF7E812}
	EndGlobalSection
EndGlobal
