
Microsoft Visual Studio Solution File, Format Version 12.00
# Visual Studio 15
VisualStudioVersion = 15.0.28307.168
MinimumVisualStudioVersion = 10.0.40219.1
Project("{FAE04EC0-301F-11D3-BF4B-00C04F79EFBC}") = "DI", "DI\DI.csproj", "{6BD85A4B-A268-4A36-AF11-BD3D8A8E3959}"
EndProject
Global
	GlobalSection(SolutionConfigurationPlatforms) = preSolution
		Debug|Any CPU = Debug|Any CPU
		Release|Any CPU = Release|Any CPU
	EndGlobalSection
	GlobalSection(ProjectConfigurationPlatforms) = postSolution
		{6BD85A4B-A268-4A36-AF11-BD3D8A8E3959}.Debug|Any CPU.ActiveCfg = Debug|Any CPU
		{6BD85A4B-A268-4A36-AF11-BD3D8A8E3959}.Debug|Any CPU.Build.0 = Debug|Any CPU
		{6BD85A4B-A268-4A36-AF11-BD3D8A8E3959}.Release|Any CPU.ActiveCfg = Release|Any CPU
		{6BD85A4B-A268-4A36-AF11-BD3D8A8E3959}.Release|Any CPU.Build.0 = Release|Any CPU
	EndGlobalSection
	GlobalSection(SolutionProperties) = preSolution
		HideSolutionNode = FALSE
	EndGlobalSection
	GlobalSection(ExtensibilityGlobals) = postSolution
		SolutionGuid = {B2CA0C05-D9FB-41F9-B152-790173045E25}
	EndGlobalSection
EndGlobal
