
Microsoft Visual Studio Solution File, Format Version 12.00
# Visual Studio 15
VisualStudioVersion = 15.0.28307.168
MinimumVisualStudioVersion = 10.0.40219.1
Project("{FAE04EC0-301F-11D3-BF4B-00C04F79EFBC}") = "Exes and Ohs", "Exes and Ohs\Exes and Ohs.csproj", "{9EAE31DF-3704-4120-814D-7B7F0829EDFC}"
EndProject
Global
	GlobalSection(SolutionConfigurationPlatforms) = preSolution
		Debug|Any CPU = Debug|Any CPU
		Release|Any CPU = Release|Any CPU
	EndGlobalSection
	GlobalSection(ProjectConfigurationPlatforms) = postSolution
		{9EAE31DF-3704-4120-814D-7B7F0829EDFC}.Debug|Any CPU.ActiveCfg = Debug|Any CPU
		{9EAE31DF-3704-4120-814D-7B7F0829EDFC}.Debug|Any CPU.Build.0 = Debug|Any CPU
		{9EAE31DF-3704-4120-814D-7B7F0829EDFC}.Release|Any CPU.ActiveCfg = Release|Any CPU
		{9EAE31DF-3704-4120-814D-7B7F0829EDFC}.Release|Any CPU.Build.0 = Release|Any CPU
	EndGlobalSection
	GlobalSection(SolutionProperties) = preSolution
		HideSolutionNode = FALSE
	EndGlobalSection
	GlobalSection(ExtensibilityGlobals) = postSolution
		SolutionGuid = {A214468E-1224-4E93-9E9B-68C374B25AF5}
	EndGlobalSection
EndGlobal
