
Microsoft Visual Studio Solution File, Format Version 12.00
# Visual Studio 15
VisualStudioVersion = 15.0.28010.2050
MinimumVisualStudioVersion = 10.0.40219.1
Project("{FAE04EC0-301F-11D3-BF4B-00C04F79EFBC}") = "Hello", "Hello\Hello.csproj", "{3E502DFD-35BC-449C-8C2E-D02034FA2C3B}"
EndProject
Global
	GlobalSection(SolutionConfigurationPlatforms) = preSolution
		Debug|Any CPU = Debug|Any CPU
		Release|Any CPU = Release|Any CPU
	EndGlobalSection
	GlobalSection(ProjectConfigurationPlatforms) = postSolution
		{3E502DFD-35BC-449C-8C2E-D02034FA2C3B}.Debug|Any CPU.ActiveCfg = Debug|Any CPU
		{3E502DFD-35BC-449C-8C2E-D02034FA2C3B}.Debug|Any CPU.Build.0 = Debug|Any CPU
		{3E502DFD-35BC-449C-8C2E-D02034FA2C3B}.Release|Any CPU.ActiveCfg = Release|Any CPU
		{3E502DFD-35BC-449C-8C2E-D02034FA2C3B}.Release|Any CPU.Build.0 = Release|Any CPU
	EndGlobalSection
	GlobalSection(SolutionProperties) = preSolution
		HideSolutionNode = FALSE
	EndGlobalSection
	GlobalSection(ExtensibilityGlobals) = postSolution
		SolutionGuid = {351B82B4-5241-4492-9D09-27627ED53FFA}
	EndGlobalSection
EndGlobal
