
Microsoft Visual Studio Solution File, Format Version 12.00
# Visual Studio Version 16
VisualStudioVersion = 16.0.29613.14
MinimumVisualStudioVersion = 10.0.40219.1
Project("{FAE04EC0-301F-11D3-BF4B-00C04F79EFBC}") = "Docker.Api", "Docker.Api\Docker.Api.csproj", "{9F01587A-8216-4272-B37E-FD33EF8F697F}"
EndProject
Global
	GlobalSection(SolutionConfigurationPlatforms) = preSolution
		Debug|Any CPU = Debug|Any CPU
		Release|Any CPU = Release|Any CPU
	EndGlobalSection
	GlobalSection(ProjectConfigurationPlatforms) = postSolution
		{9F01587A-8216-4272-B37E-FD33EF8F697F}.Debug|Any CPU.ActiveCfg = Debug|Any CPU
		{9F01587A-8216-4272-B37E-FD33EF8F697F}.Debug|Any CPU.Build.0 = Debug|Any CPU
		{9F01587A-8216-4272-B37E-FD33EF8F697F}.Release|Any CPU.ActiveCfg = Release|Any CPU
		{9F01587A-8216-4272-B37E-FD33EF8F697F}.Release|Any CPU.Build.0 = Release|Any CPU
	EndGlobalSection
	GlobalSection(SolutionProperties) = preSolution
		HideSolutionNode = FALSE
	EndGlobalSection
	GlobalSection(ExtensibilityGlobals) = postSolution
		SolutionGuid = {B6E6FFE5-86C9-4553-AA80-ECBE5A71E5E7}
	EndGlobalSection
EndGlobal
