
Microsoft Visual Studio Solution File, Format Version 12.00
# Visual Studio Version 16
VisualStudioVersion = 16.0.29613.14
MinimumVisualStudioVersion = 10.0.40219.1
Project("{FAE04EC0-301F-11D3-BF4B-00C04F79EFBC}") = "BowlingGameTDD", "BowlingGameTDD\BowlingGameTDD.csproj", "{8CBD843C-2BB7-4C17-9684-22941D458E67}"
EndProject
Project("{FAE04EC0-301F-11D3-BF4B-00C04F79EFBC}") = "BowlingGameTDD.Tests", "BowlingGameTDD.Tests\BowlingGameTDD.Tests.csproj", "{6B1240AC-7C7A-4867-B928-BAA12A33030C}"
EndProject
Global
	GlobalSection(SolutionConfigurationPlatforms) = preSolution
		Debug|Any CPU = Debug|Any CPU
		Release|Any CPU = Release|Any CPU
	EndGlobalSection
	GlobalSection(ProjectConfigurationPlatforms) = postSolution
		{8CBD843C-2BB7-4C17-9684-22941D458E67}.Debug|Any CPU.ActiveCfg = Debug|Any CPU
		{8CBD843C-2BB7-4C17-9684-22941D458E67}.Debug|Any CPU.Build.0 = Debug|Any CPU
		{8CBD843C-2BB7-4C17-9684-22941D458E67}.Release|Any CPU.ActiveCfg = Release|Any CPU
		{8CBD843C-2BB7-4C17-9684-22941D458E67}.Release|Any CPU.Build.0 = Release|Any CPU
		{6B1240AC-7C7A-4867-B928-BAA12A33030C}.Debug|Any CPU.ActiveCfg = Debug|Any CPU
		{6B1240AC-7C7A-4867-B928-BAA12A33030C}.Debug|Any CPU.Build.0 = Debug|Any CPU
		{6B1240AC-7C7A-4867-B928-BAA12A33030C}.Release|Any CPU.ActiveCfg = Release|Any CPU
		{6B1240AC-7C7A-4867-B928-BAA12A33030C}.Release|Any CPU.Build.0 = Release|Any CPU
	EndGlobalSection
	GlobalSection(SolutionProperties) = preSolution
		HideSolutionNode = FALSE
	EndGlobalSection
	GlobalSection(ExtensibilityGlobals) = postSolution
		SolutionGuid = {471E093E-FED4-4BEE-A679-1D9718F8E0ED}
	EndGlobalSection
EndGlobal
