
Microsoft Visual Studio Solution File, Format Version 12.00
# Visual Studio Version 16
VisualStudioVersion = 16.0.29613.14
MinimumVisualStudioVersion = 10.0.40219.1
Project("{FAE04EC0-301F-11D3-BF4B-00C04F79EFBC}") = "Traveller", "Traveller\Traveller.csproj", "{F7A8FA2F-807A-49C3-BECD-EEC68AF89ED4}"
EndProject
Global
	GlobalSection(SolutionConfigurationPlatforms) = preSolution
		Debug|Any CPU = Debug|Any CPU
		Release|Any CPU = Release|Any CPU
	EndGlobalSection
	GlobalSection(ProjectConfigurationPlatforms) = postSolution
		{F7A8FA2F-807A-49C3-BECD-EEC68AF89ED4}.Debug|Any CPU.ActiveCfg = Debug|Any CPU
		{F7A8FA2F-807A-49C3-BECD-EEC68AF89ED4}.Debug|Any CPU.Build.0 = Debug|Any CPU
		{F7A8FA2F-807A-49C3-BECD-EEC68AF89ED4}.Release|Any CPU.ActiveCfg = Release|Any CPU
		{F7A8FA2F-807A-49C3-BECD-EEC68AF89ED4}.Release|Any CPU.Build.0 = Release|Any CPU
	EndGlobalSection
	GlobalSection(SolutionProperties) = preSolution
		HideSolutionNode = FALSE
	EndGlobalSection
	GlobalSection(ExtensibilityGlobals) = postSolution
		SolutionGuid = {59805A38-A945-49D7-95D2-6F94908CFA5C}
	EndGlobalSection
EndGlobal
